
Microsoft Visual Studio Solution File, Format Version 12.00
# Visual Studio 15
VisualStudioVersion = 15.0.27703.2035
MinimumVisualStudioVersion = 10.0.40219.1
Project("{FAE04EC0-301F-11D3-BF4B-00C04F79EFBC}") = "invoice accounting", "invoice accounting\invoice accounting.csproj", "{0D324B6C-67B3-463D-93F0-CD1D40829948}"
EndProject
Global
	GlobalSection(SolutionConfigurationPlatforms) = preSolution
		Debug|Any CPU = Debug|Any CPU
		Release|Any CPU = Release|Any CPU
	EndGlobalSection
	GlobalSection(ProjectConfigurationPlatforms) = postSolution
		{0D324B6C-67B3-463D-93F0-CD1D40829948}.Debug|Any CPU.ActiveCfg = Debug|Any CPU
		{0D324B6C-67B3-463D-93F0-CD1D40829948}.Debug|Any CPU.Build.0 = Debug|Any CPU
		{0D324B6C-67B3-463D-93F0-CD1D40829948}.Release|Any CPU.ActiveCfg = Release|Any CPU
		{0D324B6C-67B3-463D-93F0-CD1D40829948}.Release|Any CPU.Build.0 = Release|Any CPU
	EndGlobalSection
	GlobalSection(SolutionProperties) = preSolution
		HideSolutionNode = FALSE
	EndGlobalSection
	GlobalSection(ExtensibilityGlobals) = postSolution
		SolutionGuid = {4ADCAFA7-7730-4336-8DF4-964F982AE78B}
	EndGlobalSection
EndGlobal
